
Microsoft Visual Studio Solution File, Format Version 12.00
# Visual Studio Version 17
VisualStudioVersion = 17.8.34525.116
MinimumVisualStudioVersion = 10.0.40219.1
Project("{FAE04EC0-301F-11D3-BF4B-00C04F79EFBC}") = "clasepersona", "clasepersona\clasepersona.csproj", "{58ACC386-8EA4-4E54-93AC-B806231FA697}"
EndProject
Global
	GlobalSection(SolutionConfigurationPlatforms) = preSolution
		Debug|Any CPU = Debug|Any CPU
		Release|Any CPU = Release|Any CPU
	EndGlobalSection
	GlobalSection(ProjectConfigurationPlatforms) = postSolution
		{58ACC386-8EA4-4E54-93AC-B806231FA697}.Debug|Any CPU.ActiveCfg = Debug|Any CPU
		{58ACC386-8EA4-4E54-93AC-B806231FA697}.Debug|Any CPU.Build.0 = Debug|Any CPU
		{58ACC386-8EA4-4E54-93AC-B806231FA697}.Release|Any CPU.ActiveCfg = Release|Any CPU
		{58ACC386-8EA4-4E54-93AC-B806231FA697}.Release|Any CPU.Build.0 = Release|Any CPU
	EndGlobalSection
	GlobalSection(SolutionProperties) = preSolution
		HideSolutionNode = FALSE
	EndGlobalSection
	GlobalSection(ExtensibilityGlobals) = postSolution
		SolutionGuid = {3F0AE7DE-1FFA-465A-910A-C3B308F0124E}
	EndGlobalSection
EndGlobal
